
Microsoft Visual Studio Solution File, Format Version 12.00
# Visual Studio Version 17
VisualStudioVersion = 17.5.002.0
MinimumVisualStudioVersion = 10.0.40219.1
Project("{9A19103F-16F7-4668-BE54-9A1E7A4F7556}") = "Hime.Redist", "runtime-net\Hime.Redist.csproj", "{FCB96072-28C7-44F0-8693-BDD37FF98694}"
EndProject
Project("{9A19103F-16F7-4668-BE54-9A1E7A4F7556}") = "Tests.Executor", "tests-executor-net\Tests.Executor.csproj", "{FA5B912F-B085-484E-9D86-C5909352DB18}"
EndProject
Project("{2150E333-8FDC-42A3-9474-1A3956D46DE8}") = "sdk-rust", "sdk-rust", "{F2915345-58DC-4526-B5A8-3DA57965C0FA}"
EndProject
Project("{2150E333-8FDC-42A3-9474-1A3956D46DE8}") = "src", "src", "{B8038B3C-2D92-4066-9B1A-1840F143E3F2}"
EndProject
Project("{9A19103F-16F7-4668-BE54-9A1E7A4F7556}") = "assembly_net", "sdk-rust\src\output\assembly_net.csproj", "{23C2E676-5F85-4760-98A5-4AFA754D98FD}"
EndProject
Global
	GlobalSection(SolutionConfigurationPlatforms) = preSolution
		Debug|Any CPU = Debug|Any CPU
		Release|Any CPU = Release|Any CPU
	EndGlobalSection
	GlobalSection(ProjectConfigurationPlatforms) = postSolution
		{FCB96072-28C7-44F0-8693-BDD37FF98694}.Debug|Any CPU.ActiveCfg = Debug|Any CPU
		{FCB96072-28C7-44F0-8693-BDD37FF98694}.Debug|Any CPU.Build.0 = Debug|Any CPU
		{FCB96072-28C7-44F0-8693-BDD37FF98694}.Release|Any CPU.ActiveCfg = Release|Any CPU
		{FCB96072-28C7-44F0-8693-BDD37FF98694}.Release|Any CPU.Build.0 = Release|Any CPU
		{FA5B912F-B085-484E-9D86-C5909352DB18}.Debug|Any CPU.ActiveCfg = Debug|Any CPU
		{FA5B912F-B085-484E-9D86-C5909352DB18}.Debug|Any CPU.Build.0 = Debug|Any CPU
		{FA5B912F-B085-484E-9D86-C5909352DB18}.Release|Any CPU.ActiveCfg = Release|Any CPU
		{FA5B912F-B085-484E-9D86-C5909352DB18}.Release|Any CPU.Build.0 = Release|Any CPU
		{23C2E676-5F85-4760-98A5-4AFA754D98FD}.Debug|Any CPU.ActiveCfg = Debug|Any CPU
		{23C2E676-5F85-4760-98A5-4AFA754D98FD}.Debug|Any CPU.Build.0 = Debug|Any CPU
		{23C2E676-5F85-4760-98A5-4AFA754D98FD}.Release|Any CPU.ActiveCfg = Release|Any CPU
		{23C2E676-5F85-4760-98A5-4AFA754D98FD}.Release|Any CPU.Build.0 = Release|Any CPU
	EndGlobalSection
	GlobalSection(SolutionProperties) = preSolution
		HideSolutionNode = FALSE
	EndGlobalSection
	GlobalSection(NestedProjects) = preSolution
		{B8038B3C-2D92-4066-9B1A-1840F143E3F2} = {F2915345-58DC-4526-B5A8-3DA57965C0FA}
		{23C2E676-5F85-4760-98A5-4AFA754D98FD} = {B8038B3C-2D92-4066-9B1A-1840F143E3F2}
	EndGlobalSection
	GlobalSection(ExtensibilityGlobals) = postSolution
		SolutionGuid = {231D4D21-2364-43DB-A350-A0E90669549A}
	EndGlobalSection
EndGlobal
